// !$*UTF8*$!
{
	archiveVersion = 1;
	classes = {
	};
	objectVersion = 50;
	objects = {

/* Begin PBXBuildFile section */
		1D9AE8DB260031CA00F1447B /* Tests.swift in Sources */ = {isa = PBXBuildFile; fileRef = 1D9AE8DA260031CA00F1447B /* Tests.swift */; };
		1D9AE8E8260031CA00F1447B /* Clubhouse2App.swift in Sources */ = {isa = PBXBuildFile; fileRef = 1D9AE8BF260031C800F1447B /* Clubhouse2App.swift */; };
		1D9AE8EA260031CA00F1447B /* HomeView.swift in Sources */ = {isa = PBXBuildFile; fileRef = 1D9AE8C0260031C800F1447B /* HomeView.swift */; };
		1D9AE8EC260031CA00F1447B /* Assets.xcassets in Resources */ = {isa = PBXBuildFile; fileRef = 1D9AE8C1260031CA00F1447B /* Assets.xcassets */; };
		1D9AE9042600326300F1447B /* ClubhouseModel.swift in Sources */ = {isa = PBXBuildFile; fileRef = 1D9AE9032600326300F1447B /* ClubhouseModel.swift */; };
		1D9AE90E2600332000F1447B /* HomeViewObject.swift in Sources */ = {isa = PBXBuildFile; fileRef = 1D9AE90D2600332000F1447B /* HomeViewObject.swift */; };
/* End PBXBuildFile section */

/* Begin PBXContainerItemProxy section */
		1D9AE8D7260031CA00F1447B /* PBXContainerItemProxy */ = {
			isa = PBXContainerItemProxy;
			containerPortal = 1D9AE8BA260031C700F1447B /* Project object */;
			proxyType = 1;
			remoteGlobalIDString = 1D9AE8C5260031CA00F1447B;
			remoteInfo = "Clubhouse2 (iOS)";
		};
/* End PBXContainerItemProxy section */

/* Begin PBXFileReference section */
		1D9AE8BF260031C800F1447B /* Clubhouse2App.swift */ = {isa = PBXFileReference; lastKnownFileType = sourcecode.swift; path = Clubhouse2App.swift; sourceTree = "<group>"; };
		1D9AE8C0260031C800F1447B /* HomeView.swift */ = {isa = PBXFileReference; lastKnownFileType = sourcecode.swift; path = HomeView.swift; sourceTree = "<group>"; };
		1D9AE8C1260031CA00F1447B /* Assets.xcassets */ = {isa = PBXFileReference; lastKnownFileType = folder.assetcatalog; path = Assets.xcassets; sourceTree = "<group>"; };
		1D9AE8C6260031CA00F1447B /* Clubhouse2.app */ = {isa = PBXFileReference; explicitFileType = wrapper.application; includeInIndex = 0; path = Clubhouse2.app; sourceTree = BUILT_PRODUCTS_DIR; };
		1D9AE8C9260031CA00F1447B /* Info.plist */ = {isa = PBXFileReference; lastKnownFileType = text.plist.xml; path = Info.plist; sourceTree = "<group>"; };
		1D9AE8D6260031CA00F1447B /* Tests.xctest */ = {isa = PBXFileReference; explicitFileType = wrapper.cfbundle; includeInIndex = 0; path = Tests.xctest; sourceTree = BUILT_PRODUCTS_DIR; };
		1D9AE8DA260031CA00F1447B /* Tests.swift */ = {isa = PBXFileReference; lastKnownFileType = sourcecode.swift; path = Tests.swift; sourceTree = "<group>"; };
		1D9AE8DC260031CA00F1447B /* Info.plist */ = {isa = PBXFileReference; lastKnownFileType = text.plist.xml; path = Info.plist; sourceTree = "<group>"; };
		1D9AE9032600326300F1447B /* ClubhouseModel.swift */ = {isa = PBXFileReference; lastKnownFileType = sourcecode.swift; path = ClubhouseModel.swift; sourceTree = "<group>"; };
		1D9AE90D2600332000F1447B /* HomeViewObject.swift */ = {isa = PBXFileReference; lastKnownFileType = sourcecode.swift; path = HomeViewObject.swift; sourceTree = "<group>"; };
/* End PBXFileReference section */

/* Begin PBXFrameworksBuildPhase section */
		1D9AE8C3260031CA00F1447B /* Frameworks */ = {
			isa = PBXFrameworksBuildPhase;
			buildActionMask = 2147483647;
			files = (
			);
			runOnlyForDeploymentPostprocessing = 0;
		};
		1D9AE8D3260031CA00F1447B /* Frameworks */ = {
			isa = PBXFrameworksBuildPhase;
			buildActionMask = 2147483647;
			files = (
			);
			runOnlyForDeploymentPostprocessing = 0;
		};
/* End PBXFrameworksBuildPhase section */

/* Begin PBXGroup section */
		1D9AE8B9260031C700F1447B = {
			isa = PBXGroup;
			children = (
				1D9AE8BE260031C800F1447B /* Source */,
				1D9AE8D9260031CA00F1447B /* Tests */,
				1D9AE8C7260031CA00F1447B /* Products */,
			);
			sourceTree = "<group>";
		};
		1D9AE8BE260031C800F1447B /* Source */ = {
			isa = PBXGroup;
			children = (
				1D9AE8C9260031CA00F1447B /* Info.plist */,
				1D9AE8BF260031C800F1447B /* Clubhouse2App.swift */,
				1D9AE9002600323000F1447B /* Models */,
				1D9AE9012600323600F1447B /* Views */,
				1D9AE9022600323A00F1447B /* Controllers */,
				1D9AE8C1260031CA00F1447B /* Assets.xcassets */,
			);
			path = Source;
			sourceTree = "<group>";
		};
		1D9AE8C7260031CA00F1447B /* Products */ = {
			isa = PBXGroup;
			children = (
				1D9AE8C6260031CA00F1447B /* Clubhouse2.app */,
				1D9AE8D6260031CA00F1447B /* Tests.xctest */,
			);
			name = Products;
			sourceTree = "<group>";
		};
		1D9AE8D9260031CA00F1447B /* Tests */ = {
			isa = PBXGroup;
			children = (
				1D9AE8DA260031CA00F1447B /* Tests.swift */,
				1D9AE8DC260031CA00F1447B /* Info.plist */,
			);
			path = Tests;
			sourceTree = "<group>";
		};
		1D9AE9002600323000F1447B /* Models */ = {
			isa = PBXGroup;
			children = (
				1D9AE9032600326300F1447B /* ClubhouseModel.swift */,
			);
			path = Models;
			sourceTree = "<group>";
		};
		1D9AE9012600323600F1447B /* Views */ = {
			isa = PBXGroup;
			children = (
				1D9AE8C0260031C800F1447B /* HomeView.swift */,
			);
			path = Views;
			sourceTree = "<group>";
		};
		1D9AE9022600323A00F1447B /* Controllers */ = {
			isa = PBXGroup;
			children = (
				1D9AE90D2600332000F1447B /* HomeViewObject.swift */,
			);
			path = Controllers;
			sourceTree = "<group>";
		};
/* End PBXGroup section */

/* Begin PBXNativeTarget section */
		1D9AE8C5260031CA00F1447B /* Clubhouse2 */ = {
			isa = PBXNativeTarget;
			buildConfigurationList = 1D9AE8F0260031CA00F1447B /* Build configuration list for PBXNativeTarget "Clubhouse2" */;
			buildPhases = (
				1D9AE8C2260031CA00F1447B /* Sources */,
				1D9AE8C3260031CA00F1447B /* Frameworks */,
				1D9AE8C4260031CA00F1447B /* Resources */,
			);
			buildRules = (
			);
			dependencies = (
			);
			name = Clubhouse2;
			productName = "Clubhouse2 (iOS)";
			productReference = 1D9AE8C6260031CA00F1447B /* Clubhouse2.app */;
			productType = "com.apple.product-type.application";
		};
		1D9AE8D5260031CA00F1447B /* Tests */ = {
			isa = PBXNativeTarget;
			buildConfigurationList = 1D9AE8F6260031CA00F1447B /* Build configuration list for PBXNativeTarget "Tests" */;
			buildPhases = (
				1D9AE8D2260031CA00F1447B /* Sources */,
				1D9AE8D3260031CA00F1447B /* Frameworks */,
				1D9AE8D4260031CA00F1447B /* Resources */,
			);
			buildRules = (
			);
			dependencies = (
				1D9AE8D8260031CA00F1447B /* PBXTargetDependency */,
			);
			name = Tests;
			productName = "Tests iOS";
			productReference = 1D9AE8D6260031CA00F1447B /* Tests.xctest */;
			productType = "com.apple.product-type.bundle.ui-testing";
		};
/* End PBXNativeTarget section */

/* Begin PBXProject section */
		1D9AE8BA260031C700F1447B /* Project object */ = {
			isa = PBXProject;
			attributes = {
				LastSwiftUpdateCheck = 1240;
				LastUpgradeCheck = 1240;
				TargetAttributes = {
					1D9AE8C5260031CA00F1447B = {
						CreatedOnToolsVersion = 12.4;
					};
					1D9AE8D5260031CA00F1447B = {
						CreatedOnToolsVersion = 12.4;
						TestTargetID = 1D9AE8C5260031CA00F1447B;
					};
				};
			};
			buildConfigurationList = 1D9AE8BD260031C700F1447B /* Build configuration list for PBXProject "Clubhouse2" */;
			compatibilityVersion = "Xcode 9.3";
			developmentRegion = en;
			hasScannedForEncodings = 0;
			knownRegions = (
				en,
				Base,
			);
			mainGroup = 1D9AE8B9260031C700F1447B;
			productRefGroup = 1D9AE8C7260031CA00F1447B /* Products */;
			projectDirPath = "";
			projectRoot = "";
			targets = (
				1D9AE8C5260031CA00F1447B /* Clubhouse2 */,
				1D9AE8D5260031CA00F1447B /* Tests */,
			);
		};
/* End PBXProject section */

/* Begin PBXResourcesBuildPhase section */
		1D9AE8C4260031CA00F1447B /* Resources */ = {
			isa = PBXResourcesBuildPhase;
			buildActionMask = 2147483647;
			files = (
				1D9AE8EC260031CA00F1447B /* Assets.xcassets in Resources */,
			);
			runOnlyForDeploymentPostprocessing = 0;
		};
		1D9AE8D4260031CA00F1447B /* Resources */ = {
			isa = PBXResourcesBuildPhase;
			buildActionMask = 2147483647;
			files = (
			);
			runOnlyForDeploymentPostprocessing = 0;
		};
/* End PBXResourcesBuildPhase section */

/* Begin PBXSourcesBuildPhase section */
		1D9AE8C2260031CA00F1447B /* Sources */ = {
			isa = PBXSourcesBuildPhase;
			buildActionMask = 2147483647;
			files = (
				1D9AE9042600326300F1447B /* ClubhouseModel.swift in Sources */,
				1D9AE90E2600332000F1447B /* HomeViewObject.swift in Sources */,
				1D9AE8EA260031CA00F1447B /* HomeView.swift in Sources */,
				1D9AE8E8260031CA00F1447B /* Clubhouse2App.swift in Sources */,
			);
			runOnlyForDeploymentPostprocessing = 0;
		};
		1D9AE8D2260031CA00F1447B /* Sources */ = {
			isa = PBXSourcesBuildPhase;
			buildActionMask = 2147483647;
			files = (
				1D9AE8DB260031CA00F1447B /* Tests.swift in Sources */,
			);
			runOnlyForDeploymentPostprocessing = 0;
		};
/* End PBXSourcesBuildPhase section */

/* Begin PBXTargetDependency section */
		1D9AE8D8260031CA00F1447B /* PBXTargetDependency */ = {
			isa = PBXTargetDependency;
			target = 1D9AE8C5260031CA00F1447B /* Clubhouse2 */;
			targetProxy = 1D9AE8D7260031CA00F1447B /* PBXContainerItemProxy */;
		};
/* End PBXTargetDependency section */

/* Begin XCBuildConfiguration section */
		1D9AE8EE260031CA00F1447B /* Debug */ = {
			isa = XCBuildConfiguration;
			buildSettings = {
				ALWAYS_SEARCH_USER_PATHS = NO;
				CLANG_ANALYZER_NONNULL = YES;
				CLANG_ANALYZER_NUMBER_OBJECT_CONVERSION = YES_AGGRESSIVE;
				CLANG_CXX_LANGUAGE_STANDARD = "gnu++14";
				CLANG_CXX_LIBRARY = "libc++";
				CLANG_ENABLE_MODULES = YES;
				CLANG_ENABLE_OBJC_ARC = YES;
				CLANG_ENABLE_OBJC_WEAK = YES;
				CLANG_WARN_BLOCK_CAPTURE_AUTORELEASING = YES;
				CLANG_WARN_BOOL_CONVERSION = YES;
				CLANG_WARN_COMMA = YES;
				CLANG_WARN_CONSTANT_CONVERSION = YES;
				CLANG_WARN_DEPRECATED_OBJC_IMPLEMENTATIONS = YES;
				CLANG_WARN_DIRECT_OBJC_ISA_USAGE = YES_ERROR;
				CLANG_WARN_DOCUMENTATION_COMMENTS = YES;
				CLANG_WARN_EMPTY_BODY = YES;
				CLANG_WARN_ENUM_CONVERSION = YES;
				CLANG_WARN_INFINITE_RECURSION = YES;
				CLANG_WARN_INT_CONVERSION = YES;
				CLANG_WARN_NON_LITERAL_NULL_CONVERSION = YES;
				CLANG_WARN_OBJC_IMPLICIT_RETAIN_SELF = YES;
				CLANG_WARN_OBJC_LITERAL_CONVERSION = YES;
				CLANG_WARN_OBJC_ROOT_CLASS = YES_ERROR;
				CLANG_WARN_QUOTED_INCLUDE_IN_FRAMEWORK_HEADER = YES;
				CLANG_WARN_RANGE_LOOP_ANALYSIS = YES;
				CLANG_WARN_STRICT_PROTOTYPES = YES;
				CLANG_WARN_SUSPICIOUS_MOVE = YES;
				CLANG_WARN_UNGUARDED_AVAILABILITY = YES_AGGRESSIVE;
				CLANG_WARN_UNREACHABLE_CODE = YES;
				CLANG_WARN__DUPLICATE_METHOD_MATCH = YES;
				COPY_PHASE_STRIP = NO;
				DEBUG_INFORMATION_FORMAT = dwarf;
				ENABLE_STRICT_OBJC_MSGSEND = YES;
				ENABLE_TESTABILITY = YES;
				GCC_C_LANGUAGE_STANDARD = gnu11;
				GCC_DYNAMIC_NO_PIC = NO;
				GCC_NO_COMMON_BLOCKS = YES;
				GCC_OPTIMIZATION_LEVEL = 0;
				GCC_PREPROCESSOR_DEFINITIONS = (
					"DEBUG=1",
					"$(inherited)",
				);
				GCC_WARN_64_TO_32_BIT_CONVERSION = YES;
				GCC_WARN_ABOUT_RETURN_TYPE = YES_ERROR;
				GCC_WARN_UNDECLARED_SELECTOR = YES;
				GCC_WARN_UNINITIALIZED_AUTOS = YES_AGGRESSIVE;
				GCC_WARN_UNUSED_FUNCTION = YES;
				GCC_WARN_UNUSED_VARIABLE = YES;
				MTL_ENABLE_DEBUG_INFO = INCLUDE_SOURCE;
				MTL_FAST_MATH = YES;
				ONLY_ACTIVE_ARCH = YES;
				SWIFT_ACTIVE_COMPILATION_CONDITIONS = DEBUG;
				SWIFT_OPTIMIZATION_LEVEL = "-Onone";
			};
			name = Debug;
		};
		1D9AE8EF260031CA00F1447B /* Release */ = {
			isa = XCBuildConfiguration;
			buildSettings = {
				ALWAYS_SEARCH_USER_PATHS = NO;
				CLANG_ANALYZER_NONNULL = YES;
				CLANG_ANALYZER_NUMBER_OBJECT_CONVERSION = YES_AGGRESSIVE;
				CLANG_CXX_LANGUAGE_STANDARD = "gnu++14";
				CLANG_CXX_LIBRARY = "libc++";
				CLANG_ENABLE_MODULES = YES;
				CLANG_ENABLE_OBJC_ARC = YES;
				CLANG_ENABLE_OBJC_WEAK = YES;
				CLANG_WARN_BLOCK_CAPTURE_AUTORELEASING = YES;
				CLANG_WARN_BOOL_CONVERSION = YES;
				CLANG_WARN_COMMA = YES;
				CLANG_WARN_CONSTANT_CONVERSION = YES;
				CLANG_WARN_DEPRECATED_OBJC_IMPLEMENTATIONS = YES;
				CLANG_WARN_DIRECT_OBJC_ISA_USAGE = YES_ERROR;
				CLANG_WARN_DOCUMENTATION_COMMENTS = YES;
				CLANG_WARN_EMPTY_BODY = YES;
				CLANG_WARN_ENUM_CONVERSION = YES;
				CLANG_WARN_INFINITE_RECURSION = YES;
				CLANG_WARN_INT_CONVERSION = YES;
				CLANG_WARN_NON_LITERAL_NULL_CONVERSION = YES;
				CLANG_WARN_OBJC_IMPLICIT_RETAIN_SELF = YES;
				CLANG_WARN_OBJC_LITERAL_CONVERSION = YES;
				CLANG_WARN_OBJC_ROOT_CLASS = YES_ERROR;
				CLANG_WARN_QUOTED_INCLUDE_IN_FRAMEWORK_HEADER = YES;
				CLANG_WARN_RANGE_LOOP_ANALYSIS = YES;
				CLANG_WARN_STRICT_PROTOTYPES = YES;
				CLANG_WARN_SUSPICIOUS_MOVE = YES;
				CLANG_WARN_UNGUARDED_AVAILABILITY = YES_AGGRESSIVE;
				CLANG_WARN_UNREACHABLE_CODE = YES;
				CLANG_WARN__DUPLICATE_METHOD_MATCH = YES;
				COPY_PHASE_STRIP = NO;
				DEBUG_INFORMATION_FORMAT = "dwarf-with-dsym";
				ENABLE_NS_ASSERTIONS = NO;
				ENABLE_STRICT_OBJC_MSGSEND = YES;
				GCC_C_LANGUAGE_STANDARD = gnu11;
				GCC_NO_COMMON_BLOCKS = YES;
				GCC_WARN_64_TO_32_BIT_CONVERSION = YES;
				GCC_WARN_ABOUT_RETURN_TYPE = YES_ERROR;
				GCC_WARN_UNDECLARED_SELECTOR = YES;
				GCC_WARN_UNINITIALIZED_AUTOS = YES_AGGRESSIVE;
				GCC_WARN_UNUSED_FUNCTION = YES;
				GCC_WARN_UNUSED_VARIABLE = YES;
				MTL_ENABLE_DEBUG_INFO = NO;
				MTL_FAST_MATH = YES;
				SWIFT_COMPILATION_MODE = wholemodule;
				SWIFT_OPTIMIZATION_LEVEL = "-O";
			};
			name = Release;
		};
		1D9AE8F1260031CA00F1447B /* Debug */ = {
			isa = XCBuildConfiguration;
			buildSettings = {
				ASSETCATALOG_COMPILER_APPICON_NAME = AppIcon;
				ASSETCATALOG_COMPILER_GLOBAL_ACCENT_COLOR_NAME = AccentColor;
				CODE_SIGN_STYLE = Automatic;
				DEVELOPMENT_TEAM = 5K99777NES;
				ENABLE_PREVIEWS = YES;
				INFOPLIST_FILE = Source/Info.plist;
				IPHONEOS_DEPLOYMENT_TARGET = 14.0;
				LD_RUNPATH_SEARCH_PATHS = (
					"$(inherited)",
					"@executable_path/Frameworks",
				);
				PRODUCT_BUNDLE_IDENTIFIER = Archetapp.Clubhouse2;
				PRODUCT_NAME = Clubhouse2;
				SDKROOT = iphoneos;
				SWIFT_VERSION = 5.0;
				TARGETED_DEVICE_FAMILY = "1,2";
			};
			name = Debug;
		};
		1D9AE8F2260031CA00F1447B /* Release */ = {
			isa = XCBuildConfiguration;
			buildSettings = {
				ASSETCATALOG_COMPILER_APPICON_NAME = AppIcon;
				ASSETCATALOG_COMPILER_GLOBAL_ACCENT_COLOR_NAME = AccentColor;
				CODE_SIGN_STYLE = Automatic;
				DEVELOPMENT_TEAM = 5K99777NES;
				ENABLE_PREVIEWS = YES;
				INFOPLIST_FILE = Source/Info.plist;
				IPHONEOS_DEPLOYMENT_TARGET = 14.0;
				LD_RUNPATH_SEARCH_PATHS = (
					"$(inherited)",
					"@executable_path/Frameworks",
				);
				PRODUCT_BUNDLE_IDENTIFIER = Archetapp.Clubhouse2;
				PRODUCT_NAME = Clubhouse2;
				SDKROOT = iphoneos;
				SWIFT_VERSION = 5.0;
				TARGETED_DEVICE_FAMILY = "1,2";
				VALIDATE_PRODUCT = YES;
			};
			name = Release;
		};
		1D9AE8F7260031CA00F1447B /* Debug */ = {
			isa = XCBuildConfiguration;
			buildSettings = {
				ALWAYS_EMBED_SWIFT_STANDARD_LIBRARIES = YES;
				CODE_SIGN_STYLE = Automatic;
				DEVELOPMENT_TEAM = 5K99777NES;
				INFOPLIST_FILE = Tests/Info.plist;
				IPHONEOS_DEPLOYMENT_TARGET = 14.4;
				LD_RUNPATH_SEARCH_PATHS = (
					"$(inherited)",
					"@executable_path/Frameworks",
					"@loader_path/Frameworks",
				);
				PRODUCT_BUNDLE_IDENTIFIER = Archetapp.Tests;
				PRODUCT_NAME = "$(TARGET_NAME)";
				SDKROOT = iphoneos;
				SWIFT_VERSION = 5.0;
				TARGETED_DEVICE_FAMILY = "1,2";
				TEST_TARGET_NAME = Clubhouse2;
			};
			name = Debug;
		};
		1D9AE8F8260031CA00F1447B /* Release */ = {
			isa = XCBuildConfiguration;
			buildSettings = {
				ALWAYS_EMBED_SWIFT_STANDARD_LIBRARIES = YES;
				CODE_SIGN_STYLE = Automatic;
				DEVELOPMENT_TEAM = 5K99777NES;
				INFOPLIST_FILE = Tests/Info.plist;
				IPHONEOS_DEPLOYMENT_TARGET = 14.4;
				LD_RUNPATH_SEARCH_PATHS = (
					"$(inherited)",
					"@executable_path/Frameworks",
					"@loader_path/Frameworks",
				);
				PRODUCT_BUNDLE_IDENTIFIER = Archetapp.Tests;
				PRODUCT_NAME = "$(TARGET_NAME)";
				SDKROOT = iphoneos;
				SWIFT_VERSION = 5.0;
				TARGETED_DEVICE_FAMILY = "1,2";
				TEST_TARGET_NAME = Clubhouse2;
				VALIDATE_PRODUCT = YES;
			};
			name = Release;
		};
/* End XCBuildConfiguration section */

/* Begin XCConfigurationList section */
		1D9AE8BD260031C700F1447B /* Build configuration list for PBXProject "Clubhouse2" */ = {
			isa = XCConfigurationList;
			buildConfigurations = (
				1D9AE8EE260031CA00F1447B /* Debug */,
				1D9AE8EF260031CA00F1447B /* Release */,
			);
			defaultConfigurationIsVisible = 0;
			defaultConfigurationName = Release;
		};
		1D9AE8F0260031CA00F1447B /* Build configuration list for PBXNativeTarget "Clubhouse2" */ = {
			isa = XCConfigurationList;
			buildConfigurations = (
				1D9AE8F1260031CA00F1447B /* Debug */,
				1D9AE8F2260031CA00F1447B /* Release */,
			);
			defaultConfigurationIsVisible = 0;
			defaultConfigurationName = Release;
		};
		1D9AE8F6260031CA00F1447B /* Build configuration list for PBXNativeTarget "Tests" */ = {
			isa = XCConfigurationList;
			buildConfigurations = (
				1D9AE8F7260031CA00F1447B /* Debug */,
				1D9AE8F8260031CA00F1447B /* Release */,
			);
			defaultConfigurationIsVisible = 0;
			defaultConfigurationName = Release;
		};
/* End XCConfigurationList section */
	};
	rootObject = 1D9AE8BA260031C700F1447B /* Project object */;
}
